
Microsoft Visual Studio Solution File, Format Version 12.00
# Visual Studio Version 17
VisualStudioVersion = 17.9.34616.47
MinimumVisualStudioVersion = 10.0.40219.1
Project("{9A19103F-16F7-4668-BE54-9A1E7A4F7556}") = "HomeElectric", "HomeElectric\HomeElectric.csproj", "{04EAA400-2AA5-4DD2-B775-AF4F0BE9641B}"
EndProject
Project("{9A19103F-16F7-4668-BE54-9A1E7A4F7556}") = "BusinessObject", "BusinessObject\BusinessObject.csproj", "{0032CFE7-6859-4120-8742-92C1694EF439}"
EndProject
Project("{9A19103F-16F7-4668-BE54-9A1E7A4F7556}") = "DAO", "DAO\DAO.csproj", "{8DCB6A1F-6AB3-475A-884F-8DB9BD01138D}"
EndProject
Project("{9A19103F-16F7-4668-BE54-9A1E7A4F7556}") = "Repository", "Repository\Repository.csproj", "{A4B96DCB-9299-407C-9F04-A4E659DC7ECA}"
EndProject
Project("{9A19103F-16F7-4668-BE54-9A1E7A4F7556}") = "Service", "Service\Service.csproj", "{6637EC26-BBDE-48A9-BB52-A494F6F17019}"
EndProject
Global
	GlobalSection(SolutionConfigurationPlatforms) = preSolution
		Debug|Any CPU = Debug|Any CPU
		Release|Any CPU = Release|Any CPU
	EndGlobalSection
	GlobalSection(ProjectConfigurationPlatforms) = postSolution
		{04EAA400-2AA5-4DD2-B775-AF4F0BE9641B}.Debug|Any CPU.ActiveCfg = Debug|Any CPU
		{04EAA400-2AA5-4DD2-B775-AF4F0BE9641B}.Debug|Any CPU.Build.0 = Debug|Any CPU
		{04EAA400-2AA5-4DD2-B775-AF4F0BE9641B}.Release|Any CPU.ActiveCfg = Release|Any CPU
		{04EAA400-2AA5-4DD2-B775-AF4F0BE9641B}.Release|Any CPU.Build.0 = Release|Any CPU
		{0032CFE7-6859-4120-8742-92C1694EF439}.Debug|Any CPU.ActiveCfg = Debug|Any CPU
		{0032CFE7-6859-4120-8742-92C1694EF439}.Debug|Any CPU.Build.0 = Debug|Any CPU
		{0032CFE7-6859-4120-8742-92C1694EF439}.Release|Any CPU.ActiveCfg = Release|Any CPU
		{0032CFE7-6859-4120-8742-92C1694EF439}.Release|Any CPU.Build.0 = Release|Any CPU
		{8DCB6A1F-6AB3-475A-884F-8DB9BD01138D}.Debug|Any CPU.ActiveCfg = Debug|Any CPU
		{8DCB6A1F-6AB3-475A-884F-8DB9BD01138D}.Debug|Any CPU.Build.0 = Debug|Any CPU
		{8DCB6A1F-6AB3-475A-884F-8DB9BD01138D}.Release|Any CPU.ActiveCfg = Release|Any CPU
		{8DCB6A1F-6AB3-475A-884F-8DB9BD01138D}.Release|Any CPU.Build.0 = Release|Any CPU
		{A4B96DCB-9299-407C-9F04-A4E659DC7ECA}.Debug|Any CPU.ActiveCfg = Debug|Any CPU
		{A4B96DCB-9299-407C-9F04-A4E659DC7ECA}.Debug|Any CPU.Build.0 = Debug|Any CPU
		{A4B96DCB-9299-407C-9F04-A4E659DC7ECA}.Release|Any CPU.ActiveCfg = Release|Any CPU
		{A4B96DCB-9299-407C-9F04-A4E659DC7ECA}.Release|Any CPU.Build.0 = Release|Any CPU
		{6637EC26-BBDE-48A9-BB52-A494F6F17019}.Debug|Any CPU.ActiveCfg = Debug|Any CPU
		{6637EC26-BBDE-48A9-BB52-A494F6F17019}.Debug|Any CPU.Build.0 = Debug|Any CPU
		{6637EC26-BBDE-48A9-BB52-A494F6F17019}.Release|Any CPU.ActiveCfg = Release|Any CPU
		{6637EC26-BBDE-48A9-BB52-A494F6F17019}.Release|Any CPU.Build.0 = Release|Any CPU
	EndGlobalSection
	GlobalSection(SolutionProperties) = preSolution
		HideSolutionNode = FALSE
	EndGlobalSection
	GlobalSection(ExtensibilityGlobals) = postSolution
		SolutionGuid = {EF905B9A-C251-4781-BB7E-06D707512742}
	EndGlobalSection
EndGlobal
